{
  "requires": true,
  "lockfileVersion": 1,
  "dependencies": {
    "js-md5": {
      "version": "0.7.3",
      "resolved": "https://registry.npmjs.org/js-md5/-/js-md5-0.7.3.tgz",
      "integrity": "sha512-ZC41vPSTLKGwIRjqDh8DfXoCrdQIyBgspJVPXHBGu4nZlAEvG3nf+jO9avM9RmLiGakg7vz974ms99nEV0tmTQ=="
    },
    "lib-flexible": {
      "version": "0.3.2",
      "resolved": "https://registry.npmjs.org/lib-flexible/-/lib-flexible-0.3.2.tgz",
      "integrity": "sha1-BvWnSDIxSi01wSA5vJw8otrqpCY="
    },
    "vue-axios": {
      "version": "2.1.4",
      "resolved": "https://registry.npmjs.org/vue-axios/-/vue-axios-2.1.4.tgz",
      "integrity": "sha512-DS8Q+WFT3i7nS0aZ/NMmTPf2yhbtlXhj4QEZmY69au/BshsGzGjC6dXaniZaPQlErP3J3Sv1HtQ4RVrXaUTkxA=="
    }
  }
}
