# THIS IS AN AUTOGENERATED FILE. DO NOT EDIT THIS FILE DIRECTLY.
# yarn lockfile v1


js-md5@^0.7.3:
  version "0.7.3"
  resolved "https://registry.yarnpkg.com/js-md5/-/js-md5-0.7.3.tgz#b4f2fbb0b327455f598d6727e38ec272cd09c3f2"

lib-flexible@^0.3.2:
  version "0.3.2"
  resolved "https://registry.yarnpkg.com/lib-flexible/-/lib-flexible-0.3.2.tgz#06f5a74832314a2d35c12039bc9c3ca2daeaa426"
